{
  "name": "pg-promise-strict",
  "version": "0.4.5",
  "lockfileVersion": 1,
  "requires": true,
  "dependencies": {
    "abbrev": {
      "version": "https://registry.npmjs.org/abbrev/-/abbrev-1.0.9.tgz",
      "integrity": "sha1-kbR5JYinc4wl813W9jdSovh3YTU=",
      "dev": true
    },
    "acorn": {
      "version": "3.3.0",
      "resolved": "https://registry.npmjs.org/acorn/-/acorn-3.3.0.tgz",
      "integrity": "sha1-ReN/s56No/JbruP/U2niu18iAXo=",
      "dev": true
    },
    "acorn-globals": {
      "version": "3.1.0",
      "resolved": "https://registry.npmjs.org/acorn-globals/-/acorn-globals-3.1.0.tgz",
      "integrity": "sha1-/YJw9x+7SZawBPqIDuXUZXOnMb8=",
      "dev": true,
      "requires": {
        "acorn": "4.0.13"
      },
      "dependencies": {
        "acorn": {
          "version": "4.0.13",
          "resolved": "https://registry.npmjs.org/acorn/-/acorn-4.0.13.tgz",
          "integrity": "sha1-EFSVrlNh1pe9GVyCUZLhrX8lN4c=",
          "dev": true
        }
      }
    },
    "align-text": {
      "version": "0.1.4",
      "resolved": "https://registry.npmjs.org/align-text/-/align-text-0.1.4.tgz",
      "integrity": "sha1-DNkKVhCT810KmSVsIrcGlDP60Rc=",
      "dev": true,
      "requires": {
        "kind-of": "3.2.2",
        "longest": "1.0.1",
        "repeat-string": "1.6.1"
      }
    },
    "amdefine": {
      "version": "1.0.1",
      "resolved": "https://registry.npmjs.org/amdefine/-/amdefine-1.0.1.tgz",
      "integrity": "sha1-SlKCrBZHKek2Gbz9OtFR+BfOkfU=",
      "dev": true
    },
    "argparse": {
      "version": "https://registry.npmjs.org/argparse/-/argparse-1.0.9.tgz",
      "integrity": "sha1-c9g7wmP4bpf4zE9rrhsOkKfSLIY=",
      "dev": true,
      "requires": {
        "sprintf-js": "https://registry.npmjs.org/sprintf-js/-/sprintf-js-1.0.3.tgz"
      }
    },
    "asap": {
      "version": "2.0.6",
      "resolved": "https://registry.npmjs.org/asap/-/asap-2.0.6.tgz",
      "integrity": "sha1-5QNHYR1+aQlDIIu9r+vLwvuGbUY=",
      "dev": true
    },
    "async": {
      "version": "https://registry.npmjs.org/async/-/async-1.5.2.tgz",
      "integrity": "sha1-7GphrlZIDAw8skHJVhjiCJL5Zyo=",
      "dev": true
    },
    "balanced-match": {
      "version": "https://registry.npmjs.org/balanced-match/-/balanced-match-1.0.0.tgz",
      "integrity": "sha1-ibTRmasr7kneFk6gK4nORi1xt2c=",
      "dev": true
    },
    "best-globals": {
      "version": "0.10.4",
      "resolved": "https://registry.npmjs.org/best-globals/-/best-globals-0.10.4.tgz",
      "integrity": "sha512-RZro2L4wxPyVcRCQRcC7mMYLT04Oiq7I1DuQhxXW5MImiSrozX8aO2faiKkUAMObT90Dxkl6LD1L0BMqcTrpfQ=="
    },
    "big.js": {
      "version": "5.0.3",
      "resolved": "https://registry.npmjs.org/big.js/-/big.js-5.0.3.tgz",
      "integrity": "sha512-av8LNZGBl4cg2r4ZhWqghJOxi2P8UCcWhdmrFgcHPMmUJ6jx1FbnyxjwL4URYzMK3QJg60qeMefQhv9G14oYKA==",
      "dev": true,
      "optional": true
    },
    "brace-expansion": {
      "version": "https://registry.npmjs.org/brace-expansion/-/brace-expansion-1.1.8.tgz",
      "integrity": "sha1-wHshHHyVLsH479Uad+8NHTmQopI=",
      "dev": true,
      "requires": {
        "balanced-match": "https://registry.npmjs.org/balanced-match/-/balanced-match-1.0.0.tgz",
        "concat-map": "https://registry.npmjs.org/concat-map/-/concat-map-0.0.1.tgz"
      }
    },
    "browser-stdout": {
      "version": "1.3.0",
      "resolved": "https://registry.npmjs.org/browser-stdout/-/browser-stdout-1.3.0.tgz",
      "integrity": "sha1-81HTKWnTL6XXpVZxVCY9korjvR8=",
      "dev": true
    },
    "buffer-writer": {
      "version": "1.0.1",
      "resolved": "https://registry.npmjs.org/buffer-writer/-/buffer-writer-1.0.1.tgz",
      "integrity": "sha1-Iqk2kB4wKa/NdUfrRIfOtpejvwg="
    },
    "camelcase": {
      "version": "1.2.1",
      "resolved": "https://registry.npmjs.org/camelcase/-/camelcase-1.2.1.tgz",
      "integrity": "sha1-m7UwTS4LVmmLLHWLCKPqqdqlijk=",
      "dev": true
    },
    "center-align": {
      "version": "0.1.3",
      "resolved": "https://registry.npmjs.org/center-align/-/center-align-0.1.3.tgz",
      "integrity": "sha1-qg0yYptu6XIgBBHL1EYckHvCt60=",
      "dev": true,
      "requires": {
        "align-text": "0.1.4",
        "lazy-cache": "1.0.4"
      }
    },
    "character-parser": {
      "version": "2.2.0",
      "resolved": "https://registry.npmjs.org/character-parser/-/character-parser-2.2.0.tgz",
      "integrity": "sha1-x84o821LzZdE5f/CxfzeHHMmH8A=",
      "dev": true,
      "requires": {
        "is-regex": "1.0.4"
      }
    },
    "clean-css": {
      "version": "3.4.28",
      "resolved": "https://registry.npmjs.org/clean-css/-/clean-css-3.4.28.tgz",
      "integrity": "sha1-vxlF6C/ICPVWlebd6uwBQA79A/8=",
      "dev": true,
      "requires": {
        "commander": "2.8.1",
        "source-map": "0.4.4"
      },
      "dependencies": {
        "source-map": {
          "version": "0.4.4",
          "resolved": "https://registry.npmjs.org/source-map/-/source-map-0.4.4.tgz",
          "integrity": "sha1-66T12pwNyZneaAMti092FzZSA2s=",
          "dev": true,
          "requires": {
            "amdefine": "1.0.1"
          }
        }
      }
    },
    "cliui": {
      "version": "2.1.0",
      "resolved": "https://registry.npmjs.org/cliui/-/cliui-2.1.0.tgz",
      "integrity": "sha1-S0dXYP+AJkx2LDoXGQMukcf+oNE=",
      "dev": true,
      "requires": {
        "center-align": "0.1.3",
        "right-align": "0.1.3",
        "wordwrap": "0.0.2"
      },
      "dependencies": {
        "wordwrap": {
          "version": "0.0.2",
          "resolved": "https://registry.npmjs.org/wordwrap/-/wordwrap-0.0.2.tgz",
          "integrity": "sha1-t5Zpu0LstAn4PVg8rVLKF+qhZD8=",
          "dev": true
        }
      }
    },
    "colors": {
      "version": "https://registry.npmjs.org/colors/-/colors-1.1.2.tgz",
      "integrity": "sha1-FopHAXVran9RoSzgyXv6KMCE7WM=",
      "dev": true
    },
    "commander": {
      "version": "2.8.1",
      "resolved": "https://registry.npmjs.org/commander/-/commander-2.8.1.tgz",
      "integrity": "sha1-Br42f+v9oMMwqh4qBy09yXYkJdQ=",
      "dev": true,
      "requires": {
        "graceful-readlink": "1.0.1"
      }
    },
    "concat-map": {
      "version": "https://registry.npmjs.org/concat-map/-/concat-map-0.0.1.tgz",
      "integrity": "sha1-2Klr13/Wjfd5OnMDajug1UBdR3s=",
      "dev": true
    },
    "constantinople": {
      "version": "3.1.0",
      "resolved": "https://registry.npmjs.org/constantinople/-/constantinople-3.1.0.tgz",
      "integrity": "sha1-dWnKqKo/jVk11i4fqW+fcCzYHHk=",
      "dev": true,
      "requires": {
        "acorn": "3.3.0",
        "is-expression": "2.1.0"
      }
    },
    "css-parse": {
      "version": "1.7.0",
      "resolved": "https://registry.npmjs.org/css-parse/-/css-parse-1.7.0.tgz",
      "integrity": "sha1-Mh9s9zeCpv91ERE5D8BeLGV9jJs=",
      "dev": true
    },
    "debug": {
      "version": "2.6.9",
      "resolved": "https://registry.npmjs.org/debug/-/debug-2.6.9.tgz",
      "integrity": "sha512-bC7ElrdJaJnPbAP+1EotYvqZsb3ecl5wi6Bfi6BJTUcNowp6cvspg0jXznRTKDjm/E7AdgFBVeAPVMNcKGsHMA==",
      "dev": true,
      "requires": {
        "ms": "2.0.0"
      }
    },
    "decamelize": {
      "version": "1.2.0",
      "resolved": "https://registry.npmjs.org/decamelize/-/decamelize-1.2.0.tgz",
      "integrity": "sha1-9lNNFRSCabIDUue+4m9QH5oZEpA=",
      "dev": true
    },
    "deep-is": {
      "version": "https://registry.npmjs.org/deep-is/-/deep-is-0.1.3.tgz",
      "integrity": "sha1-s2nW+128E+7PUk+RsHD+7cNXzzQ=",
      "dev": true
    },
    "depd": {
      "version": "1.1.2",
      "resolved": "https://registry.npmjs.org/depd/-/depd-1.1.2.tgz",
      "integrity": "sha1-m81S4UwJd2PnSbJ0xDRu0uVgtak=",
      "dev": true
    },
    "destroy": {
      "version": "1.0.4",
      "resolved": "https://registry.npmjs.org/destroy/-/destroy-1.0.4.tgz",
      "integrity": "sha1-l4hXRCxEdJ5CBmE+N5RiBYJqvYA=",
      "dev": true
    },
    "diff": {
      "version": "3.3.1",
      "resolved": "https://registry.npmjs.org/diff/-/diff-3.3.1.tgz",
      "integrity": "sha512-MKPHZDMB0o6yHyDryUOScqZibp914ksXwAMYMTHj6KO8UeKsRYNJD3oNCKjTqZon+V488P7N/HzXF8t7ZR95ww==",
      "dev": true
    },
    "discrepances": {
      "version": "https://registry.npmjs.org/discrepances/-/discrepances-0.2.2.tgz",
      "integrity": "sha1-yaNCeJu1lOVLSzOP36wHHotr+rs=",
      "dev": true,
      "requires": {
        "best-globals": "0.10.4"
      }
    },
    "doctypes": {
      "version": "1.1.0",
      "resolved": "https://registry.npmjs.org/doctypes/-/doctypes-1.1.0.tgz",
      "integrity": "sha1-6oCxBqh1OHdOijpKWv4pPeSJ4Kk=",
      "dev": true
    },
    "ee-first": {
      "version": "1.1.1",
      "resolved": "https://registry.npmjs.org/ee-first/-/ee-first-1.1.1.tgz",
      "integrity": "sha1-WQxhFWsK4vTwJVcyoViyZrxWsh0=",
      "dev": true
    },
    "encodeurl": {
      "version": "1.0.1",
      "resolved": "https://registry.npmjs.org/encodeurl/-/encodeurl-1.0.1.tgz",
      "integrity": "sha1-eePVhlU0aQn+bw9Fpd5oEDspTSA=",
      "dev": true
    },
    "es6-promise": {
      "version": "2.3.0",
      "resolved": "https://registry.npmjs.org/es6-promise/-/es6-promise-2.3.0.tgz",
      "integrity": "sha1-lu258v2wGZWCKyY92KratnSBgbw=",
      "dev": true
    },
    "escape-html": {
      "version": "1.0.3",
      "resolved": "https://registry.npmjs.org/escape-html/-/escape-html-1.0.3.tgz",
      "integrity": "sha1-Aljq5NPQwJdN4cFpGI7wBR0dGYg=",
      "dev": true
    },
    "escape-string-regexp": {
      "version": "1.0.5",
      "resolved": "https://registry.npmjs.org/escape-string-regexp/-/escape-string-regexp-1.0.5.tgz",
      "integrity": "sha1-G2HAViGQqN/2rjuyzwIAyhMLhtQ=",
      "dev": true
    },
    "escodegen": {
      "version": "https://registry.npmjs.org/escodegen/-/escodegen-1.8.1.tgz",
      "integrity": "sha1-WltTr0aTEQvrsIZ6o0MN07cKEBg=",
      "dev": true,
      "requires": {
        "esprima": "https://registry.npmjs.org/esprima/-/esprima-2.7.3.tgz",
        "estraverse": "https://registry.npmjs.org/estraverse/-/estraverse-1.9.3.tgz",
        "esutils": "https://registry.npmjs.org/esutils/-/esutils-2.0.2.tgz",
        "optionator": "https://registry.npmjs.org/optionator/-/optionator-0.8.2.tgz",
        "source-map": "https://registry.npmjs.org/source-map/-/source-map-0.2.0.tgz"
      }
    },
    "esprima": {
      "version": "https://registry.npmjs.org/esprima/-/esprima-2.7.3.tgz",
      "integrity": "sha1-luO3DVd59q1JzQMmc9HDEnZ7pYE=",
      "dev": true
    },
    "estraverse": {
      "version": "https://registry.npmjs.org/estraverse/-/estraverse-1.9.3.tgz",
      "integrity": "sha1-r2fy3JIlgkFZUJJgkaQAXSnJu0Q=",
      "dev": true
    },
    "esutils": {
      "version": "https://registry.npmjs.org/esutils/-/esutils-2.0.2.tgz",
      "integrity": "sha1-Cr9PHKpbyx96nYrMbepPqqBLrJs=",
      "dev": true
    },
    "etag": {
      "version": "1.8.1",
      "resolved": "https://registry.npmjs.org/etag/-/etag-1.8.1.tgz",
      "integrity": "sha1-Qa4u62XvpiJorr/qg6x9eSmbCIc=",
      "dev": true
    },
    "expect.js": {
      "version": "https://registry.npmjs.org/expect.js/-/expect.js-0.3.1.tgz",
      "integrity": "sha1-sKWaDS7/VDdUTr8M6qYBWEHQm1s=",
      "dev": true
    },
    "extend-shallow": {
      "version": "2.0.1",
      "resolved": "https://registry.npmjs.org/extend-shallow/-/extend-shallow-2.0.1.tgz",
      "integrity": "sha1-Ua99YUrZqfYQ6huvu5idaxxWiQ8=",
      "dev": true,
      "requires": {
        "is-extendable": "0.1.1"
      }
    },
    "fast-levenshtein": {
      "version": "https://registry.npmjs.org/fast-levenshtein/-/fast-levenshtein-2.0.6.tgz",
      "integrity": "sha1-PYpcZog6FqMMqGQ+hR8Zuqd5eRc=",
      "dev": true
    },
    "fresh": {
      "version": "0.5.2",
      "resolved": "https://registry.npmjs.org/fresh/-/fresh-0.5.2.tgz",
      "integrity": "sha1-PYyt2Q2XZWn6g1qx+OSyOhBWBac=",
      "dev": true
    },
    "fs-extra": {
      "version": "5.0.0",
      "resolved": "https://registry.npmjs.org/fs-extra/-/fs-extra-5.0.0.tgz",
      "integrity": "sha512-66Pm4RYbjzdyeuqudYqhFiNBbCIuI9kgRqLPSHIlXHidW8NIQtVdkM1yeZ4lXwuhbTETv3EUGMNHAAw6hiundQ==",
      "requires": {
        "graceful-fs": "4.1.11",
        "jsonfile": "4.0.0",
        "universalify": "0.1.1"
      }
    },
    "fs.realpath": {
      "version": "1.0.0",
      "resolved": "https://registry.npmjs.org/fs.realpath/-/fs.realpath-1.0.0.tgz",
      "integrity": "sha1-FQStJSMVjKpA20onh8sBQRmU6k8=",
      "dev": true
    },
    "function-bind": {
      "version": "1.1.1",
      "resolved": "https://registry.npmjs.org/function-bind/-/function-bind-1.1.1.tgz",
      "integrity": "sha512-yIovAzMX49sF8Yl58fSCWJ5svSLuaibPxXQJFLmBObTuCr0Mf1KiPopGM9NiFjiYBCbfaa2Fh6breQ6ANVTI0A==",
      "dev": true
    },
    "glob": {
      "version": "https://registry.npmjs.org/glob/-/glob-5.0.15.tgz",
      "integrity": "sha1-G8k2ueAvSmA/zCIuz3Yz0wuLk7E=",
      "dev": true,
      "requires": {
        "inflight": "https://registry.npmjs.org/inflight/-/inflight-1.0.6.tgz",
        "inherits": "https://registry.npmjs.org/inherits/-/inherits-2.0.3.tgz",
        "minimatch": "https://registry.npmjs.org/minimatch/-/minimatch-3.0.4.tgz",
        "once": "https://registry.npmjs.org/once/-/once-1.4.0.tgz",
        "path-is-absolute": "https://registry.npmjs.org/path-is-absolute/-/path-is-absolute-1.0.1.tgz"
      }
    },
    "graceful-fs": {
      "version": "4.1.11",
      "resolved": "https://registry.npmjs.org/graceful-fs/-/graceful-fs-4.1.11.tgz",
      "integrity": "sha1-Dovf5NHduIVNZOBOp8AOKgJuVlg="
    },
    "graceful-readlink": {
      "version": "1.0.1",
      "resolved": "https://registry.npmjs.org/graceful-readlink/-/graceful-readlink-1.0.1.tgz",
      "integrity": "sha1-TK+tdrxi8C+gObL5Tpo906ORpyU=",
      "dev": true
    },
    "growl": {
      "version": "1.10.3",
      "resolved": "https://registry.npmjs.org/growl/-/growl-1.10.3.tgz",
      "integrity": "sha512-hKlsbA5Vu3xsh1Cg3J7jSmX/WaW6A5oBeqzM88oNbCRQFz+zUaXm6yxS4RVytp1scBoJzSYl4YAEOQIt6O8V1Q==",
      "dev": true
    },
    "handlebars": {
      "version": "https://registry.npmjs.org/handlebars/-/handlebars-4.0.10.tgz",
      "integrity": "sha1-PTDHGLCaPZbyPqTMH0A8TTup/08=",
      "dev": true,
      "requires": {
        "async": "https://registry.npmjs.org/async/-/async-1.5.2.tgz",
        "optimist": "https://registry.npmjs.org/optimist/-/optimist-0.6.1.tgz",
        "source-map": "https://registry.npmjs.org/source-map/-/source-map-0.4.4.tgz",
        "uglify-js": "2.8.29"
      },
      "dependencies": {
        "source-map": {
          "version": "https://registry.npmjs.org/source-map/-/source-map-0.4.4.tgz",
          "integrity": "sha1-66T12pwNyZneaAMti092FzZSA2s=",
          "dev": true,
          "requires": {
            "amdefine": "1.0.1"
          }
        }
      }
    },
    "has": {
      "version": "1.0.1",
      "resolved": "https://registry.npmjs.org/has/-/has-1.0.1.tgz",
      "integrity": "sha1-hGFzP1OLCDfJNh45qauelwTcLyg=",
      "dev": true,
      "requires": {
        "function-bind": "1.1.1"
      }
    },
    "has-flag": {
      "version": "2.0.0",
      "resolved": "https://registry.npmjs.org/has-flag/-/has-flag-2.0.0.tgz",
      "integrity": "sha1-6CB68cx7MNRGzHC3NLXovhj4jVE=",
      "dev": true
    },
    "he": {
      "version": "1.1.1",
      "resolved": "https://registry.npmjs.org/he/-/he-1.1.1.tgz",
      "integrity": "sha1-k0EP0hsAlzUVH4howvJx80J+I/0=",
      "dev": true
    },
    "http-errors": {
      "version": "1.6.2",
      "resolved": "https://registry.npmjs.org/http-errors/-/http-errors-1.6.2.tgz",
      "integrity": "sha1-CgAsyFcHGSp+eUbO7cERVfYOxzY=",
      "dev": true,
      "requires": {
        "depd": "1.1.1",
        "inherits": "https://registry.npmjs.org/inherits/-/inherits-2.0.3.tgz",
        "setprototypeof": "1.0.3",
        "statuses": "1.3.1"
      },
      "dependencies": {
        "depd": {
          "version": "1.1.1",
          "resolved": "https://registry.npmjs.org/depd/-/depd-1.1.1.tgz",
          "integrity": "sha1-V4O04cRZ8G+lyif5kfPQbnoxA1k=",
          "dev": true
        }
      }
    },
    "inflight": {
      "version": "https://registry.npmjs.org/inflight/-/inflight-1.0.6.tgz",
      "integrity": "sha1-Sb1jMdfQLQwJvJEKEHW6gWW1bfk=",
      "dev": true,
      "requires": {
        "once": "https://registry.npmjs.org/once/-/once-1.4.0.tgz",
        "wrappy": "https://registry.npmjs.org/wrappy/-/wrappy-1.0.2.tgz"
      }
    },
    "inherits": {
      "version": "https://registry.npmjs.org/inherits/-/inherits-2.0.3.tgz",
      "integrity": "sha1-Yzwsg+PaQqUC9SRmAiSA9CCCYd4=",
      "dev": true
    },
    "is-buffer": {
      "version": "1.1.6",
      "resolved": "https://registry.npmjs.org/is-buffer/-/is-buffer-1.1.6.tgz",
      "integrity": "sha512-NcdALwpXkTm5Zvvbk7owOUSvVvBKDgKP5/ewfXEznmQFfs4ZRmanOeKBTjRVjka3QFoN6XJ+9F3USqfHqTaU5w==",
      "dev": true
    },
    "is-expression": {
      "version": "2.1.0",
      "resolved": "https://registry.npmjs.org/is-expression/-/is-expression-2.1.0.tgz",
      "integrity": "sha1-kb6dR968/vB3l36XIr5tz7RGXvA=",
      "dev": true,
      "requires": {
        "acorn": "3.3.0",
        "object-assign": "4.1.1"
      },
      "dependencies": {
        "object-assign": {
          "version": "4.1.1",
          "resolved": "https://registry.npmjs.org/object-assign/-/object-assign-4.1.1.tgz",
          "integrity": "sha1-IQmtx5ZYh8/AXLvUQsrIv7s2CGM=",
          "dev": true
        }
      }
    },
    "is-extendable": {
      "version": "0.1.1",
      "resolved": "https://registry.npmjs.org/is-extendable/-/is-extendable-0.1.1.tgz",
      "integrity": "sha1-YrEQ4omkcUGOPsNqYX1HLjAd/Ik=",
      "dev": true
    },
    "is-promise": {
      "version": "2.1.0",
      "resolved": "https://registry.npmjs.org/is-promise/-/is-promise-2.1.0.tgz",
      "integrity": "sha1-eaKp7OfwlugPNtKy87wWwf9L8/o=",
      "dev": true
    },
    "is-regex": {
      "version": "1.0.4",
      "resolved": "https://registry.npmjs.org/is-regex/-/is-regex-1.0.4.tgz",
      "integrity": "sha1-VRdIm1RwkbCTDglWVM7SXul+lJE=",
      "dev": true,
      "requires": {
        "has": "1.0.1"
      }
    },
    "isexe": {
      "version": "https://registry.npmjs.org/isexe/-/isexe-2.0.0.tgz",
      "integrity": "sha1-6PvzdNxVb/iUehDcsFctYz8s+hA=",
      "dev": true
    },
    "istanbul": {
      "version": "https://registry.npmjs.org/istanbul/-/istanbul-0.4.5.tgz",
      "integrity": "sha1-ZcfXPUxNqE1POsMQuRj7C4Azczs=",
      "dev": true,
      "requires": {
        "abbrev": "https://registry.npmjs.org/abbrev/-/abbrev-1.0.9.tgz",
        "async": "https://registry.npmjs.org/async/-/async-1.5.2.tgz",
        "escodegen": "https://registry.npmjs.org/escodegen/-/escodegen-1.8.1.tgz",
        "esprima": "https://registry.npmjs.org/esprima/-/esprima-2.7.3.tgz",
        "glob": "https://registry.npmjs.org/glob/-/glob-5.0.15.tgz",
        "handlebars": "https://registry.npmjs.org/handlebars/-/handlebars-4.0.10.tgz",
        "js-yaml": "https://registry.npmjs.org/js-yaml/-/js-yaml-3.9.0.tgz",
        "mkdirp": "https://registry.npmjs.org/mkdirp/-/mkdirp-0.5.1.tgz",
        "nopt": "https://registry.npmjs.org/nopt/-/nopt-3.0.6.tgz",
        "once": "https://registry.npmjs.org/once/-/once-1.4.0.tgz",
        "resolve": "https://registry.npmjs.org/resolve/-/resolve-1.1.7.tgz",
        "supports-color": "https://registry.npmjs.org/supports-color/-/supports-color-3.2.3.tgz",
        "which": "https://registry.npmjs.org/which/-/which-1.2.14.tgz",
        "wordwrap": "https://registry.npmjs.org/wordwrap/-/wordwrap-1.0.0.tgz"
      }
    },
    "js-string-escape": {
      "version": "1.0.1",
      "resolved": "https://registry.npmjs.org/js-string-escape/-/js-string-escape-1.0.1.tgz",
      "integrity": "sha1-4mJbrbwNZ8dTPp7cEGjFh65BN+8="
    },
    "js-stringify": {
      "version": "1.0.2",
      "resolved": "https://registry.npmjs.org/js-stringify/-/js-stringify-1.0.2.tgz",
      "integrity": "sha1-Fzb939lyTyijaCrcYjCufk6Weds=",
      "dev": true
    },
    "js-to-html": {
      "version": "0.9.3",
      "resolved": "https://registry.npmjs.org/js-to-html/-/js-to-html-0.9.3.tgz",
      "integrity": "sha1-kZ03iHiOhE6ofMMirTzkuAXu64s=",
      "dev": true,
      "optional": true
    },
    "js-yaml": {
      "version": "https://registry.npmjs.org/js-yaml/-/js-yaml-3.9.0.tgz",
      "integrity": "sha1-T/u/JcKsljuCmdx02n43QN4cGM4=",
      "dev": true,
      "requires": {
        "argparse": "https://registry.npmjs.org/argparse/-/argparse-1.0.9.tgz",
        "esprima": "https://registry.npmjs.org/esprima/-/esprima-4.0.0.tgz"
      },
      "dependencies": {
        "esprima": {
          "version": "https://registry.npmjs.org/esprima/-/esprima-4.0.0.tgz",
          "integrity": "sha1-RJnt3NERDgshi6zy+n9/WfVcqAQ=",
          "dev": true
        }
      }
    },
    "json4all": {
      "version": "0.3.10",
      "resolved": "https://registry.npmjs.org/json4all/-/json4all-0.3.10.tgz",
      "integrity": "sha1-yZF1iyJ5qqv9in4l9XW2qV30it8=",
      "dev": true,
      "optional": true
    },
    "jsonfile": {
      "version": "4.0.0",
      "resolved": "https://registry.npmjs.org/jsonfile/-/jsonfile-4.0.0.tgz",
      "integrity": "sha1-h3Gq4HmbZAdrdmQPygWPnBDjPss=",
      "requires": {
        "graceful-fs": "4.1.11"
      }
    },
    "jstransformer": {
      "version": "1.0.0",
      "resolved": "https://registry.npmjs.org/jstransformer/-/jstransformer-1.0.0.tgz",
      "integrity": "sha1-7Yvwkh4vPx7U1cGkT2hwntJHIsM=",
      "dev": true,
      "requires": {
        "is-promise": "2.1.0",
        "promise": "7.3.1"
      }
    },
    "kind-of": {
      "version": "3.2.2",
      "resolved": "https://registry.npmjs.org/kind-of/-/kind-of-3.2.2.tgz",
      "integrity": "sha1-MeohpzS6ubuw8yRm2JOupR5KPGQ=",
      "dev": true,
      "requires": {
        "is-buffer": "1.1.6"
      }
    },
    "lazy-cache": {
      "version": "1.0.4",
      "resolved": "https://registry.npmjs.org/lazy-cache/-/lazy-cache-1.0.4.tgz",
      "integrity": "sha1-odePw6UEdMuAhF07O24dpJpEbo4=",
      "dev": true
    },
    "levn": {
      "version": "https://registry.npmjs.org/levn/-/levn-0.3.0.tgz",
      "integrity": "sha1-OwmSTt+fCDwEkP3UwLxEIeBHZO4=",
      "dev": true,
      "requires": {
        "prelude-ls": "https://registry.npmjs.org/prelude-ls/-/prelude-ls-1.1.2.tgz",
        "type-check": "https://registry.npmjs.org/type-check/-/type-check-0.3.2.tgz"
      }
    },
    "like-ar": {
      "version": "https://registry.npmjs.org/like-ar/-/like-ar-0.2.2.tgz",
      "integrity": "sha1-DyuXAKUD5qmSMycDBY7unBSL0V4="
    },
    "longest": {
      "version": "1.0.1",
      "resolved": "https://registry.npmjs.org/longest/-/longest-1.0.1.tgz",
      "integrity": "sha1-MKCy2jj3N3DoKUoNIuZiXtd9AJc=",
      "dev": true
    },
    "mime": {
      "version": "1.4.1",
      "resolved": "https://registry.npmjs.org/mime/-/mime-1.4.1.tgz",
      "integrity": "sha512-KI1+qOZu5DcW6wayYHSzR/tXKCDC5Om4s1z2QJjDULzLcmf3DvzS7oluY4HCTrc+9FiKmWUgeNLg7W3uIQvxtQ==",
      "dev": true
    },
    "mini-tools": {
      "version": "0.3.22",
      "resolved": "https://registry.npmjs.org/mini-tools/-/mini-tools-0.3.22.tgz",
      "integrity": "sha512-aETLVxjV+EKYMjsoEVwIFXvt+9ZzHqh6wTX9KbiOGYaE7l+dh9YT6Vzf0NKRVsz9rdDP6VWJQt7TIcNLBXfeNQ==",
      "dev": true,
      "requires": {
        "best-globals": "0.10.4",
        "fs-extra": "5.0.0",
        "js-yaml": "3.10.0",
        "pug": "2.0.0-rc.4",
        "read-yaml-promise": "1.0.2",
        "send": "0.16.1",
        "stylus": "0.54.5"
      },
      "dependencies": {
        "esprima": {
          "version": "4.0.0",
          "resolved": "https://registry.npmjs.org/esprima/-/esprima-4.0.0.tgz",
          "integrity": "sha512-oftTcaMu/EGrEIu904mWteKIv8vMuOgGYo7EhVJJN00R/EED9DCua/xxHRdYnKtcECzVg7xOWhflvJMnqcFZjw==",
          "dev": true
        },
        "js-yaml": {
          "version": "3.10.0",
          "resolved": "https://registry.npmjs.org/js-yaml/-/js-yaml-3.10.0.tgz",
          "integrity": "sha512-O2v52ffjLa9VeM43J4XocZE//WT9N0IiwDa3KSHH7Tu8CtH+1qM8SIZvnsTh6v+4yFy5KUY3BHUVwjpfAWsjIA==",
          "dev": true,
          "requires": {
            "argparse": "https://registry.npmjs.org/argparse/-/argparse-1.0.9.tgz",
            "esprima": "4.0.0"
          }
        }
      }
    },
    "minimatch": {
      "version": "https://registry.npmjs.org/minimatch/-/minimatch-3.0.4.tgz",
      "integrity": "sha1-UWbihkV/AzBgZL5Ul+jbsMPTIIM=",
      "dev": true,
      "requires": {
        "brace-expansion": "https://registry.npmjs.org/brace-expansion/-/brace-expansion-1.1.8.tgz"
      }
    },
    "minimist": {
      "version": "https://registry.npmjs.org/minimist/-/minimist-0.0.10.tgz",
      "integrity": "sha1-3j+YVD2/lggr5IrRoMfNqDYwHc8=",
      "dev": true
    },
    "mkdirp": {
      "version": "https://registry.npmjs.org/mkdirp/-/mkdirp-0.5.1.tgz",
      "integrity": "sha1-MAV0OOrGz3+MR2fzhkjWaX11yQM=",
      "dev": true,
      "requires": {
        "minimist": "https://registry.npmjs.org/minimist/-/minimist-0.0.8.tgz"
      },
      "dependencies": {
        "minimist": {
          "version": "https://registry.npmjs.org/minimist/-/minimist-0.0.8.tgz",
          "integrity": "sha1-hX/Kv8M5fSYluCKCYuhqp6ARsF0=",
          "dev": true
        }
      }
    },
    "mocha": {
      "version": "4.1.0",
      "resolved": "https://registry.npmjs.org/mocha/-/mocha-4.1.0.tgz",
      "integrity": "sha512-0RVnjg1HJsXY2YFDoTNzcc1NKhYuXKRrBAG2gDygmJJA136Cs2QlRliZG1mA0ap7cuaT30mw16luAeln+4RiNA==",
      "dev": true,
      "requires": {
        "browser-stdout": "1.3.0",
        "commander": "2.11.0",
        "debug": "3.1.0",
        "diff": "3.3.1",
        "escape-string-regexp": "1.0.5",
        "glob": "7.1.2",
        "growl": "1.10.3",
        "he": "1.1.1",
        "mkdirp": "https://registry.npmjs.org/mkdirp/-/mkdirp-0.5.1.tgz",
        "supports-color": "4.4.0"
      },
      "dependencies": {
        "commander": {
          "version": "2.11.0",
          "resolved": "https://registry.npmjs.org/commander/-/commander-2.11.0.tgz",
          "integrity": "sha512-b0553uYA5YAEGgyYIGYROzKQ7X5RAqedkfjiZxwi0kL1g3bOaBNNZfYkzt/CL0umgD5wc9Jec2FbB98CjkMRvQ==",
          "dev": true
        },
        "debug": {
          "version": "3.1.0",
          "resolved": "https://registry.npmjs.org/debug/-/debug-3.1.0.tgz",
          "integrity": "sha512-OX8XqP7/1a9cqkxYw2yXss15f26NKWBpDXQd0/uK/KPqdQhxbPa994hnzjcE2VqQpDslf55723cKPUOGSmMY3g==",
          "dev": true,
          "requires": {
            "ms": "2.0.0"
          }
        },
        "glob": {
          "version": "7.1.2",
          "resolved": "https://registry.npmjs.org/glob/-/glob-7.1.2.tgz",
          "integrity": "sha512-MJTUg1kjuLeQCJ+ccE4Vpa6kKVXkPYJ2mOCQyUuKLcLQsdrMCpBPUi8qVE6+YuaJkozeA9NusTAw3hLr8Xe5EQ==",
          "dev": true,
          "requires": {
            "fs.realpath": "1.0.0",
            "inflight": "https://registry.npmjs.org/inflight/-/inflight-1.0.6.tgz",
            "inherits": "https://registry.npmjs.org/inherits/-/inherits-2.0.3.tgz",
            "minimatch": "https://registry.npmjs.org/minimatch/-/minimatch-3.0.4.tgz",
            "once": "https://registry.npmjs.org/once/-/once-1.4.0.tgz",
            "path-is-absolute": "https://registry.npmjs.org/path-is-absolute/-/path-is-absolute-1.0.1.tgz"
          }
        },
        "supports-color": {
          "version": "4.4.0",
          "resolved": "https://registry.npmjs.org/supports-color/-/supports-color-4.4.0.tgz",
          "integrity": "sha512-rKC3+DyXWgK0ZLKwmRsrkyHVZAjNkfzeehuFWdGGcqGDTZFH73+RH6S/RDAAxl9GusSjZSUWYLmT9N5pzXFOXQ==",
          "dev": true,
          "requires": {
            "has-flag": "2.0.0"
          }
        }
      }
    },
    "ms": {
      "version": "2.0.0",
      "resolved": "https://registry.npmjs.org/ms/-/ms-2.0.0.tgz",
      "integrity": "sha1-VgiurfwAvmwpAd9fmGF4jeDVl8g=",
      "dev": true
    },
    "nopt": {
      "version": "https://registry.npmjs.org/nopt/-/nopt-3.0.6.tgz",
      "integrity": "sha1-xkZdvwirzU2zWTF/eaxopkayj/k=",
      "dev": true,
      "requires": {
        "abbrev": "https://registry.npmjs.org/abbrev/-/abbrev-1.0.9.tgz"
      }
    },
    "on-finished": {
      "version": "2.3.0",
      "resolved": "https://registry.npmjs.org/on-finished/-/on-finished-2.3.0.tgz",
      "integrity": "sha1-IPEzZIGwg811M3mSoWlxqi2QaUc=",
      "dev": true,
      "requires": {
        "ee-first": "1.1.1"
      }
    },
    "once": {
      "version": "https://registry.npmjs.org/once/-/once-1.4.0.tgz",
      "integrity": "sha1-WDsap3WWHUsROsF9nFC6753Xa9E=",
      "dev": true,
      "requires": {
        "wrappy": "https://registry.npmjs.org/wrappy/-/wrappy-1.0.2.tgz"
      }
    },
    "optimist": {
      "version": "https://registry.npmjs.org/optimist/-/optimist-0.6.1.tgz",
      "integrity": "sha1-2j6nRob6IaGaERwybpDrFaAZZoY=",
      "dev": true,
      "requires": {
        "minimist": "https://registry.npmjs.org/minimist/-/minimist-0.0.10.tgz",
        "wordwrap": "https://registry.npmjs.org/wordwrap/-/wordwrap-0.0.3.tgz"
      },
      "dependencies": {
        "wordwrap": {
          "version": "https://registry.npmjs.org/wordwrap/-/wordwrap-0.0.3.tgz",
          "integrity": "sha1-o9XabNXAvAAI03I0u68b7WMFkQc=",
          "dev": true
        }
      }
    },
    "optionator": {
      "version": "https://registry.npmjs.org/optionator/-/optionator-0.8.2.tgz",
      "integrity": "sha1-NkxeQJ0/TWMB1sC0wFu6UBgK62Q=",
      "dev": true,
      "requires": {
        "deep-is": "https://registry.npmjs.org/deep-is/-/deep-is-0.1.3.tgz",
        "fast-levenshtein": "https://registry.npmjs.org/fast-levenshtein/-/fast-levenshtein-2.0.6.tgz",
        "levn": "https://registry.npmjs.org/levn/-/levn-0.3.0.tgz",
        "prelude-ls": "https://registry.npmjs.org/prelude-ls/-/prelude-ls-1.1.2.tgz",
        "type-check": "https://registry.npmjs.org/type-check/-/type-check-0.3.2.tgz",
        "wordwrap": "https://registry.npmjs.org/wordwrap/-/wordwrap-1.0.0.tgz"
      }
    },
    "packet-reader": {
      "version": "0.3.1",
      "resolved": "https://registry.npmjs.org/packet-reader/-/packet-reader-0.3.1.tgz",
      "integrity": "sha1-zWLmCvjX/qinBexP+ZCHHEaHHyc="
    },
    "path-is-absolute": {
      "version": "https://registry.npmjs.org/path-is-absolute/-/path-is-absolute-1.0.1.tgz",
      "integrity": "sha1-F0uSaHNVNP+8es5r9TpanhtcX18=",
      "dev": true
    },
    "path-parse": {
      "version": "1.0.5",
      "resolved": "https://registry.npmjs.org/path-parse/-/path-parse-1.0.5.tgz",
      "integrity": "sha1-PBrfhx6pzWyUMbbqK9dKD/BVxME=",
      "dev": true
    },
    "pg": {
      "version": "7.4.1",
      "resolved": "https://registry.npmjs.org/pg/-/pg-7.4.1.tgz",
      "integrity": "sha512-Pi5qYuXro5PAD9xXx8h7bFtmHgAQEG6/SCNyi7gS3rvb/ZQYDmxKchfB0zYtiSJNWq9iXTsYsHjrM+21eBcN1A==",
      "requires": {
        "buffer-writer": "1.0.1",
        "js-string-escape": "1.0.1",
        "packet-reader": "0.3.1",
        "pg-connection-string": "0.1.3",
        "pg-pool": "2.0.3",
        "pg-types": "1.12.1",
        "pgpass": "1.0.2",
        "semver": "4.3.2"
      }
    },
    "pg-connection-string": {
      "version": "0.1.3",
      "resolved": "https://registry.npmjs.org/pg-connection-string/-/pg-connection-string-0.1.3.tgz",
      "integrity": "sha1-2hhHsglA5C7hSSvq9l1J2RskXfc="
    },
    "pg-pool": {
      "version": "2.0.3",
      "resolved": "https://registry.npmjs.org/pg-pool/-/pg-pool-2.0.3.tgz",
      "integrity": "sha1-wCIDLIlJ8xKk+R+2QJzgQHa+Mlc="
    },
    "pg-types": {
      "version": "1.12.1",
      "resolved": "https://registry.npmjs.org/pg-types/-/pg-types-1.12.1.tgz",
      "integrity": "sha1-1kCH45A7WP+q0nnnWVxSIIoUw9I=",
      "requires": {
        "postgres-array": "1.0.2",
        "postgres-bytea": "1.0.0",
        "postgres-date": "1.0.3",
        "postgres-interval": "1.1.1"
      }
    },
    "pgpass": {
      "version": "1.0.2",
      "resolved": "https://registry.npmjs.org/pgpass/-/pgpass-1.0.2.tgz",
      "integrity": "sha1-Knu0G2BltnkH6R2hsHwYR8h3swY=",
      "requires": {
        "split": "1.0.1"
      }
    },
    "postgres-array": {
      "version": "1.0.2",
      "resolved": "https://registry.npmjs.org/postgres-array/-/postgres-array-1.0.2.tgz",
      "integrity": "sha1-jgsy6wO/d6XAp4UeBEHBaaJWojg="
    },
    "postgres-bytea": {
      "version": "1.0.0",
      "resolved": "https://registry.npmjs.org/postgres-bytea/-/postgres-bytea-1.0.0.tgz",
      "integrity": "sha1-AntTPAqokOJtFy1Hz5zOzFIazTU="
    },
    "postgres-date": {
      "version": "1.0.3",
      "resolved": "https://registry.npmjs.org/postgres-date/-/postgres-date-1.0.3.tgz",
      "integrity": "sha1-4tiXAu/bJY/52c7g/pG9BpdSV6g="
    },
    "postgres-interval": {
      "version": "1.1.1",
      "resolved": "https://registry.npmjs.org/postgres-interval/-/postgres-interval-1.1.1.tgz",
      "integrity": "sha1-rNsPiXtLHG5JbZ1OCoU+HEKPBvA=",
      "requires": {
        "xtend": "4.0.1"
      }
    },
    "prelude-ls": {
      "version": "https://registry.npmjs.org/prelude-ls/-/prelude-ls-1.1.2.tgz",
      "integrity": "sha1-IZMqVJ9eUv/ZqCf1cOBL5iqX2lQ=",
      "dev": true
    },
    "promise": {
      "version": "7.3.1",
      "resolved": "https://registry.npmjs.org/promise/-/promise-7.3.1.tgz",
      "integrity": "sha1-BktyYCsY+Q8pGSuLG8QY/9Hr078=",
      "dev": true,
      "requires": {
        "asap": "2.0.6"
      }
    },
    "pug": {
      "version": "2.0.0-rc.4",
      "resolved": "https://registry.npmjs.org/pug/-/pug-2.0.0-rc.4.tgz",
      "integrity": "sha512-SL7xovj6E2Loq9N0UgV6ynjMLW4urTFY/L/Fprhvz13Xc5vjzkjZjI1QHKq31200+6PSD8PyU6MqrtCTJj6/XA==",
      "dev": true,
      "requires": {
        "pug-code-gen": "2.0.0",
        "pug-filters": "2.1.5",
        "pug-lexer": "3.1.0",
        "pug-linker": "3.0.3",
        "pug-load": "2.0.9",
        "pug-parser": "4.0.0",
        "pug-runtime": "2.0.3",
        "pug-strip-comments": "1.0.2"
      }
    },
    "pug-attrs": {
      "version": "2.0.2",
      "resolved": "https://registry.npmjs.org/pug-attrs/-/pug-attrs-2.0.2.tgz",
      "integrity": "sha1-i+KyIlVo/6ddG4Zpgr/59BEa/8s=",
      "dev": true,
      "requires": {
        "constantinople": "3.1.0",
        "js-stringify": "1.0.2",
        "pug-runtime": "2.0.3"
      }
    },
    "pug-code-gen": {
      "version": "2.0.0",
      "resolved": "https://registry.npmjs.org/pug-code-gen/-/pug-code-gen-2.0.0.tgz",
      "integrity": "sha512-E4oiJT+Jn5tyEIloj8dIJQognbiNNp0i0cAJmYtQTFS0soJ917nlIuFtqVss3IXMEyQKUew3F4gIkBpn18KbVg==",
      "dev": true,
      "requires": {
        "constantinople": "3.1.0",
        "doctypes": "1.1.0",
        "js-stringify": "1.0.2",
        "pug-attrs": "2.0.2",
        "pug-error": "1.3.2",
        "pug-runtime": "2.0.3",
        "void-elements": "2.0.1",
        "with": "5.1.1"
      }
    },
    "pug-error": {
      "version": "1.3.2",
      "resolved": "https://registry.npmjs.org/pug-error/-/pug-error-1.3.2.tgz",
      "integrity": "sha1-U659nSm7A89WRJOgJhCfVMR/XyY=",
      "dev": true
    },
    "pug-filters": {
      "version": "2.1.5",
      "resolved": "https://registry.npmjs.org/pug-filters/-/pug-filters-2.1.5.tgz",
      "integrity": "sha512-xkw71KtrC4sxleKiq+cUlQzsiLn8pM5+vCgkChW2E6oNOzaqTSIBKIQ5cl4oheuDzvJYCTSYzRaVinMUrV4YLQ==",
      "dev": true,
      "requires": {
        "clean-css": "3.4.28",
        "constantinople": "3.1.0",
        "jstransformer": "1.0.0",
        "pug-error": "1.3.2",
        "pug-walk": "1.1.5",
        "resolve": "1.5.0",
        "uglify-js": "2.8.29"
      },
      "dependencies": {
        "resolve": {
          "version": "1.5.0",
          "resolved": "https://registry.npmjs.org/resolve/-/resolve-1.5.0.tgz",
          "integrity": "sha512-hgoSGrc3pjzAPHNBg+KnFcK2HwlHTs/YrAGUr6qgTVUZmXv1UEXXl0bZNBKMA9fud6lRYFdPGz0xXxycPzmmiw==",
          "dev": true,
          "requires": {
            "path-parse": "1.0.5"
          }
        }
      }
    },
    "pug-lexer": {
      "version": "3.1.0",
      "resolved": "https://registry.npmjs.org/pug-lexer/-/pug-lexer-3.1.0.tgz",
      "integrity": "sha1-/QhzdtSmdbT1n4/vQiiDQ06VgaI=",
      "dev": true,
      "requires": {
        "character-parser": "2.2.0",
        "is-expression": "3.0.0",
        "pug-error": "1.3.2"
      },
      "dependencies": {
        "acorn": {
          "version": "4.0.13",
          "resolved": "https://registry.npmjs.org/acorn/-/acorn-4.0.13.tgz",
          "integrity": "sha1-EFSVrlNh1pe9GVyCUZLhrX8lN4c=",
          "dev": true
        },
        "is-expression": {
          "version": "3.0.0",
          "resolved": "https://registry.npmjs.org/is-expression/-/is-expression-3.0.0.tgz",
          "integrity": "sha1-Oayqa+f9HzRx3ELHQW5hwkMXrJ8=",
          "dev": true,
          "requires": {
            "acorn": "4.0.13",
            "object-assign": "4.1.1"
          }
        },
        "object-assign": {
          "version": "4.1.1",
          "resolved": "https://registry.npmjs.org/object-assign/-/object-assign-4.1.1.tgz",
          "integrity": "sha1-IQmtx5ZYh8/AXLvUQsrIv7s2CGM=",
          "dev": true
        }
      }
    },
    "pug-linker": {
      "version": "3.0.3",
      "resolved": "https://registry.npmjs.org/pug-linker/-/pug-linker-3.0.3.tgz",
      "integrity": "sha512-DCKczglCXOzJ1lr4xUj/lVHYvS+lGmR2+KTCjZjtIpdwaN7lNOoX2SW6KFX5X4ElvW+6ThwB+acSUg08UJFN5A==",
      "dev": true,
      "requires": {
        "pug-error": "1.3.2",
        "pug-walk": "1.1.5"
      }
    },
    "pug-load": {
      "version": "2.0.9",
      "resolved": "https://registry.npmjs.org/pug-load/-/pug-load-2.0.9.tgz",
      "integrity": "sha512-BDdZOCru4mg+1MiZwRQZh25+NTRo/R6/qArrdWIf308rHtWA5N9kpoUskRe4H6FslaQujC+DigH9LqlBA4gf6Q==",
      "dev": true,
      "requires": {
        "object-assign": "4.1.1",
        "pug-walk": "1.1.5"
      },
      "dependencies": {
        "object-assign": {
          "version": "4.1.1",
          "resolved": "https://registry.npmjs.org/object-assign/-/object-assign-4.1.1.tgz",
          "integrity": "sha1-IQmtx5ZYh8/AXLvUQsrIv7s2CGM=",
          "dev": true
        }
      }
    },
    "pug-parser": {
      "version": "4.0.0",
      "resolved": "https://registry.npmjs.org/pug-parser/-/pug-parser-4.0.0.tgz",
      "integrity": "sha512-ocEUFPdLG9awwFj0sqi1uiZLNvfoodCMULZzkRqILryIWc/UUlDlxqrKhKjAIIGPX/1SNsvxy63+ayEGocGhQg==",
      "dev": true,
      "requires": {
        "pug-error": "1.3.2",
        "token-stream": "0.0.1"
      }
    },
    "pug-runtime": {
      "version": "2.0.3",
      "resolved": "https://registry.npmjs.org/pug-runtime/-/pug-runtime-2.0.3.tgz",
      "integrity": "sha1-mBYmB7D86eJU1CfzOYelrucWi9o=",
      "dev": true
    },
    "pug-strip-comments": {
      "version": "1.0.2",
      "resolved": "https://registry.npmjs.org/pug-strip-comments/-/pug-strip-comments-1.0.2.tgz",
      "integrity": "sha1-0xOvoBvMN0mA4TmeI+vy65vchRM=",
      "dev": true,
      "requires": {
        "pug-error": "1.3.2"
      }
    },
    "pug-walk": {
      "version": "1.1.5",
      "resolved": "https://registry.npmjs.org/pug-walk/-/pug-walk-1.1.5.tgz",
      "integrity": "sha512-rJlH1lXerCIAtImXBze3dtKq/ykZMA4rpO9FnPcIgsWcxZLOvd8zltaoeOVFyBSSqCkhhJWbEbTMga8UxWUUSA==",
      "dev": true
    },
    "range-parser": {
      "version": "1.2.0",
      "resolved": "https://registry.npmjs.org/range-parser/-/range-parser-1.2.0.tgz",
      "integrity": "sha1-9JvmtIeJTdxA3MlKMi9hEJLgDV4=",
      "dev": true
    },
    "read-yaml": {
      "version": "1.1.0",
      "resolved": "https://registry.npmjs.org/read-yaml/-/read-yaml-1.1.0.tgz",
      "integrity": "sha1-DSc6wMlb6SIw3A1MTE9biWCjNtY=",
      "dev": true,
      "requires": {
        "extend-shallow": "2.0.1",
        "js-yaml": "https://registry.npmjs.org/js-yaml/-/js-yaml-3.9.0.tgz"
      }
    },
    "read-yaml-promise": {
      "version": "1.0.2",
      "resolved": "https://registry.npmjs.org/read-yaml-promise/-/read-yaml-promise-1.0.2.tgz",
      "integrity": "sha1-YEthE/J/dzeQ9KdGLQQnMF7QZHs=",
      "dev": true,
      "requires": {
        "es6-promise": "2.3.0",
        "read-yaml": "1.1.0"
      }
    },
    "repeat-string": {
      "version": "1.6.1",
      "resolved": "https://registry.npmjs.org/repeat-string/-/repeat-string-1.6.1.tgz",
      "integrity": "sha1-jcrkcOHIirwtYA//Sndihtp15jc=",
      "dev": true
    },
    "resolve": {
      "version": "https://registry.npmjs.org/resolve/-/resolve-1.1.7.tgz",
      "integrity": "sha1-IDEU2CrSxe2ejgQRs5ModeiJ6Xs=",
      "dev": true
    },
    "right-align": {
      "version": "0.1.3",
      "resolved": "https://registry.npmjs.org/right-align/-/right-align-0.1.3.tgz",
      "integrity": "sha1-YTObci/mo1FWiSENJOFMlhSGE+8=",
      "dev": true,
      "requires": {
        "align-text": "0.1.4"
      }
    },
    "sax": {
      "version": "0.5.8",
      "resolved": "https://registry.npmjs.org/sax/-/sax-0.5.8.tgz",
      "integrity": "sha1-1HLbIo6zMcJQaw6MFVJK25OdEsE=",
      "dev": true
    },
    "semver": {
      "version": "4.3.2",
      "resolved": "https://registry.npmjs.org/semver/-/semver-4.3.2.tgz",
      "integrity": "sha1-x6BxWKgL7dBSNVt3DYLWZA+AO+c="
    },
    "send": {
      "version": "0.16.1",
      "resolved": "https://registry.npmjs.org/send/-/send-0.16.1.tgz",
      "integrity": "sha512-ElCLJdJIKPk6ux/Hocwhk7NFHpI3pVm/IZOYWqUmoxcgeyM+MpxHHKhb8QmlJDX1pU6WrgaHBkVNm73Sv7uc2A==",
      "dev": true,
      "requires": {
        "debug": "2.6.9",
        "depd": "1.1.2",
        "destroy": "1.0.4",
        "encodeurl": "1.0.1",
        "escape-html": "1.0.3",
        "etag": "1.8.1",
        "fresh": "0.5.2",
        "http-errors": "1.6.2",
        "mime": "1.4.1",
        "ms": "2.0.0",
        "on-finished": "2.3.0",
        "range-parser": "1.2.0",
        "statuses": "1.3.1"
      }
    },
    "setprototypeof": {
      "version": "1.0.3",
      "resolved": "https://registry.npmjs.org/setprototypeof/-/setprototypeof-1.0.3.tgz",
      "integrity": "sha1-ZlZ+NwQ+608E2RvWWMDL77VbjgQ=",
      "dev": true
    },
    "source-map": {
      "version": "https://registry.npmjs.org/source-map/-/source-map-0.2.0.tgz",
      "integrity": "sha1-2rc/vPwrqBm03gO9b26qSBZLP50=",
      "dev": true,
      "optional": true,
      "requires": {
        "amdefine": "1.0.1"
      }
    },
    "split": {
      "version": "1.0.1",
      "resolved": "https://registry.npmjs.org/split/-/split-1.0.1.tgz",
      "integrity": "sha1-YFvZvjA6pZ+zX5Ip++oN3snqB9k=",
      "requires": {
        "through": "2.3.8"
      }
    },
    "sprintf-js": {
      "version": "https://registry.npmjs.org/sprintf-js/-/sprintf-js-1.0.3.tgz",
      "integrity": "sha1-BOaSb2YolTVPPdAVIDYzuFcpfiw=",
      "dev": true
    },
    "statuses": {
      "version": "1.3.1",
      "resolved": "https://registry.npmjs.org/statuses/-/statuses-1.3.1.tgz",
      "integrity": "sha1-+vUbnrdKrvOzrPStX2Gr8ky3uT4=",
      "dev": true
    },
    "stylus": {
      "version": "0.54.5",
      "resolved": "https://registry.npmjs.org/stylus/-/stylus-0.54.5.tgz",
      "integrity": "sha1-QrlWCTHKcJDOhRWnmLqeaqPW3Hk=",
      "dev": true,
      "requires": {
        "css-parse": "1.7.0",
        "debug": "2.6.9",
        "glob": "7.0.6",
        "mkdirp": "https://registry.npmjs.org/mkdirp/-/mkdirp-0.5.1.tgz",
        "sax": "0.5.8",
        "source-map": "0.1.43"
      },
      "dependencies": {
        "glob": {
          "version": "7.0.6",
          "resolved": "https://registry.npmjs.org/glob/-/glob-7.0.6.tgz",
          "integrity": "sha1-IRuvr0nlJbjNkyYNFKsTYVKz9Xo=",
          "dev": true,
          "requires": {
            "fs.realpath": "1.0.0",
            "inflight": "https://registry.npmjs.org/inflight/-/inflight-1.0.6.tgz",
            "inherits": "https://registry.npmjs.org/inherits/-/inherits-2.0.3.tgz",
            "minimatch": "https://registry.npmjs.org/minimatch/-/minimatch-3.0.4.tgz",
            "once": "https://registry.npmjs.org/once/-/once-1.4.0.tgz",
            "path-is-absolute": "https://registry.npmjs.org/path-is-absolute/-/path-is-absolute-1.0.1.tgz"
          }
        },
        "source-map": {
          "version": "0.1.43",
          "resolved": "https://registry.npmjs.org/source-map/-/source-map-0.1.43.tgz",
          "integrity": "sha1-wkvBRspRfBRx9drL4lcbK3+eM0Y=",
          "dev": true,
          "requires": {
            "amdefine": "1.0.1"
          }
        }
      }
    },
    "supports-color": {
      "version": "https://registry.npmjs.org/supports-color/-/supports-color-3.2.3.tgz",
      "integrity": "sha1-ZawFBLOVQXHYpklGsq48u4pfVPY=",
      "dev": true,
      "requires": {
        "has-flag": "https://registry.npmjs.org/has-flag/-/has-flag-1.0.0.tgz"
      }
    },
    "through": {
      "version": "2.3.8",
      "resolved": "https://registry.npmjs.org/through/-/through-2.3.8.tgz",
      "integrity": "sha1-DdTJ/6q8NXlgsbckEV1+Doai4fU="
    },
    "token-stream": {
      "version": "0.0.1",
      "resolved": "https://registry.npmjs.org/token-stream/-/token-stream-0.0.1.tgz",
      "integrity": "sha1-zu78cXp2xDFvEm0LnbqlXX598Bo=",
      "dev": true
    },
    "type-check": {
      "version": "https://registry.npmjs.org/type-check/-/type-check-0.3.2.tgz",
      "integrity": "sha1-WITKtRLPHTVeP7eE8wgEsrUg23I=",
      "dev": true,
      "requires": {
        "prelude-ls": "https://registry.npmjs.org/prelude-ls/-/prelude-ls-1.1.2.tgz"
      }
    },
    "type-store": {
      "version": "0.2.13",
      "resolved": "https://registry.npmjs.org/type-store/-/type-store-0.2.13.tgz",
      "integrity": "sha512-PHhI3qeVtGC/q8pwaX0Ig4Gm7UDBOko+6RPOrNM0I7M9e01dOPqHmeoj/aawjP+xN3PoOIGI+BvE4DlCQRR5Iw==",
      "dev": true,
      "optional": true,
      "requires": {
        "best-globals": "0.10.4",
        "big.js": "5.0.3",
        "js-to-html": "0.9.3",
        "json4all": "0.3.10",
        "like-ar": "https://registry.npmjs.org/like-ar/-/like-ar-0.2.2.tgz"
      }
    },
    "uglify-js": {
      "version": "2.8.29",
      "resolved": "https://registry.npmjs.org/uglify-js/-/uglify-js-2.8.29.tgz",
      "integrity": "sha1-KcVzMUgFe7Th913zW3qcty5qWd0=",
      "dev": true,
      "requires": {
        "source-map": "0.5.7",
        "uglify-to-browserify": "1.0.2",
        "yargs": "3.10.0"
      },
      "dependencies": {
        "source-map": {
          "version": "0.5.7",
          "resolved": "https://registry.npmjs.org/source-map/-/source-map-0.5.7.tgz",
          "integrity": "sha1-igOdLRAh0i0eoUyA2OpGi6LvP8w=",
          "dev": true
        }
      }
    },
    "uglify-to-browserify": {
      "version": "1.0.2",
      "resolved": "https://registry.npmjs.org/uglify-to-browserify/-/uglify-to-browserify-1.0.2.tgz",
      "integrity": "sha1-bgkk1r2mta/jSeOabWMoUKD4grc=",
      "dev": true,
      "optional": true
    },
    "universalify": {
      "version": "0.1.1",
      "resolved": "https://registry.npmjs.org/universalify/-/universalify-0.1.1.tgz",
      "integrity": "sha1-+nG63UQ3r0wUiEHjs7Fl+enlkLc="
    },
    "void-elements": {
      "version": "2.0.1",
      "resolved": "https://registry.npmjs.org/void-elements/-/void-elements-2.0.1.tgz",
      "integrity": "sha1-wGavtYK7HLQSjWDqkjkulNXp2+w=",
      "dev": true
    },
    "which": {
      "version": "https://registry.npmjs.org/which/-/which-1.2.14.tgz",
      "integrity": "sha1-mofEN48D6CfOyvGs31bHNsAcFOU=",
      "dev": true,
      "requires": {
        "isexe": "https://registry.npmjs.org/isexe/-/isexe-2.0.0.tgz"
      }
    },
    "window-size": {
      "version": "0.1.0",
      "resolved": "https://registry.npmjs.org/window-size/-/window-size-0.1.0.tgz",
      "integrity": "sha1-VDjNLqk7IC76Ohn+iIeu58lPnJ0=",
      "dev": true
    },
    "with": {
      "version": "5.1.1",
      "resolved": "https://registry.npmjs.org/with/-/with-5.1.1.tgz",
      "integrity": "sha1-+k2qktrzLE6pTtRTyB8EaGtXXf4=",
      "dev": true,
      "requires": {
        "acorn": "3.3.0",
        "acorn-globals": "3.1.0"
      }
    },
    "wordwrap": {
      "version": "https://registry.npmjs.org/wordwrap/-/wordwrap-1.0.0.tgz",
      "integrity": "sha1-J1hIEIkUVqQXHI0CJkQa3pDLyus=",
      "dev": true
    },
    "wrappy": {
      "version": "https://registry.npmjs.org/wrappy/-/wrappy-1.0.2.tgz",
      "integrity": "sha1-tSQ9jz7BqjXxNkYFvA0QNuMKtp8=",
      "dev": true
    },
    "xtend": {
      "version": "4.0.1",
      "resolved": "https://registry.npmjs.org/xtend/-/xtend-4.0.1.tgz",
      "integrity": "sha1-pcbVMr5lbiPbgg77lDofBJmNY68="
    },
    "yargs": {
      "version": "3.10.0",
      "resolved": "https://registry.npmjs.org/yargs/-/yargs-3.10.0.tgz",
      "integrity": "sha1-9+572FfdfB0tOMDnTvvWgdFDH9E=",
      "dev": true,
      "requires": {
        "camelcase": "1.2.1",
        "cliui": "2.1.0",
        "decamelize": "1.2.0",
        "window-size": "0.1.0"
      }
    }
  }
}
